Microsoft Visual Studio Solution File, Format Version 12.00
# Visual Studio Version 16
VisualStudioVersion = 16.0.30011.22
MinimumVisualStudioVersion = 10.0.40219.1
Project("{9A19103F-16F7-4668-BE54-9A1E7A4F7556}") = "PALM_Lab_2_2", "PALM_Lab_2_2\PALM_Lab_2_2.csproj", "{FA8853F6-3B79-4189-9668-2859D2B9E786}"
EndProject
Project("{9A19103F-16F7-4668-BE54-9A1E7A4F7556}") = "PALM_Lab_2_3", "PALM_Lab_2_3\PALM_Lab_2_3.csproj", "{04CA0F69-458A-4931-B807-799173C28716}"
EndProject
Project("{FAE04EC0-301F-11D3-BF4B-00C04F79EFBC}") = "PALM_Lab_2_4_win", "PALM_Lab_2_4_win\PALM_Lab_2_4_win.csproj", "{9DF0A08F-5FFB-4FB3-ABB0-0F3093F03644}"
EndProject
Global
	GlobalSection(SolutionConfigurationPlatforms) = preSolution
		Debug|Any CPU = Debug|Any CPU
		Release|Any CPU = Release|Any CPU
	EndGlobalSection
	GlobalSection(ProjectConfigurationPlatforms) = postSolution
		{FA8853F6-3B79-4189-9668-2859D2B9E786}.Debug|Any CPU.ActiveCfg = Debug|Any CPU
		{FA8853F6-3B79-4189-9668-2859D2B9E786}.Debug|Any CPU.Build.0 = Debug|Any CPU
		{FA8853F6-3B79-4189-9668-2859D2B9E786}.Release|Any CPU.ActiveCfg = Release|Any CPU
		{FA8853F6-3B79-4189-9668-2859D2B9E786}.Release|Any CPU.Build.0 = Release|Any CPU
		{04CA0F69-458A-4931-B807-799173C28716}.Debug|Any CPU.ActiveCfg = Debug|Any CPU
		{04CA0F69-458A-4931-B807-799173C28716}.Debug|Any CPU.Build.0 = Debug|Any CPU
		{04CA0F69-458A-4931-B807-799173C28716}.Release|Any CPU.ActiveCfg = Release|Any CPU
		{04CA0F69-458A-4931-B807-799173C28716}.Release|Any CPU.Build.0 = Release|Any CPU
		{9DF0A08F-5FFB-4FB3-ABB0-0F3093F03644}.Debug|Any CPU.ActiveCfg = Debug|Any CPU
		{9DF0A08F-5FFB-4FB3-ABB0-0F3093F03644}.Debug|Any CPU.Build.0 = Debug|Any CPU
		{9DF0A08F-5FFB-4FB3-ABB0-0F3093F03644}.Release|Any CPU.ActiveCfg = Release|Any CPU
		{9DF0A08F-5FFB-4FB3-ABB0-0F3093F03644}.Release|Any CPU.Build.0 = Release|Any CPU
	EndGlobalSection
	GlobalSection(SolutionProperties) = preSolution
		HideSolutionNode = FALSE
	EndGlobalSection
	GlobalSection(ExtensibilityGlobals) = postSolution
		SolutionGuid = {1B87161D-8E43-40C5-BACE-4AB2435AABE5}
	EndGlobalSection
EndGlobal
